// !$*UTF8*$!
{
	archiveVersion = 1;
	classes = {
	};
	objectVersion = 46;
	objects = {

/* Begin PBXBuildFile section */
		05514894D045B83FAF6BAD5B /* UserDefaults+XCETypedKey.swift in Sources */ = {isa = PBXBuildFile; fileRef = CA4F8D3AFE3869BD59D7B529 /* UserDefaults+XCETypedKey.swift */; };
		0D23F81FA552C743F255A455 /* Foundation.framework in Frameworks */ = {isa = PBXBuildFile; fileRef = 0766D3F4472240F3C73E3494 /* Foundation.framework */; };
		18686F586D985FAE230A51F3 /* Main.swift in Sources */ = {isa = PBXBuildFile; fileRef = 46DC85F8C348E177715CC135 /* Main.swift */; };
		4EA5E2246C8312D4824A9EE0 /* TypedKey.framework in Frameworks */ = {isa = PBXBuildFile; fileRef = 208EC21B631B34398106C53B /* TypedKey.framework */; };
		5F79975417205866D1410AE3 /* MKHTypedKey.swift in Sources */ = {isa = PBXBuildFile; fileRef = C7E705CB48EC296B8A0DA8E4 /* MKHTypedKey.swift */; };
		8D795C83859E88D3E94E34F4 /* Dictionary+XCETypedKey.swift in Sources */ = {isa = PBXBuildFile; fileRef = 2F0512D018428353BF32448F /* Dictionary+XCETypedKey.swift */; };
		9190B506229673B7211EAF04 /* Foundation.framework in Frameworks */ = {isa = PBXBuildFile; fileRef = 0766D3F4472240F3C73E3494 /* Foundation.framework */; };
/* End PBXBuildFile section */

/* Begin PBXContainerItemProxy section */
		B17D7C77FF736B714A705D7C /* PBXContainerItemProxy */ = {
			isa = PBXContainerItemProxy;
			containerPortal = FBAE3C736B475DAD0DF0B68D /* Project object */;
			proxyType = 1;
			remoteGlobalIDString = 9B583394356DF87A408E8C4E;
			remoteInfo = TypedKey;
		};
/* End PBXContainerItemProxy section */

/* Begin PBXCopyFilesBuildPhase section */
		7740B9FB831270E264B24FB7 /* Embed Frameworks */ = {
			isa = PBXCopyFilesBuildPhase;
			buildActionMask = 2147483647;
			dstPath = "";
			dstSubfolderSpec = 10;
			files = (
			);
			name = "Embed Frameworks";
			runOnlyForDeploymentPostprocessing = 0;
		};
		BA35BC6FC6834268053A5BE6 /* Embed Frameworks */ = {
			isa = PBXCopyFilesBuildPhase;
			buildActionMask = 2147483647;
			dstPath = "";
			dstSubfolderSpec = 10;
			files = (
			);
			name = "Embed Frameworks";
			runOnlyForDeploymentPostprocessing = 0;
		};
/* End PBXCopyFilesBuildPhase section */

/* Begin PBXFileReference section */
		0766D3F4472240F3C73E3494 /* Foundation.framework */ = {isa = PBXFileReference; lastKnownFileType = wrapper.framework; name = Foundation.framework; path = Platforms/iPhoneOS.platform/Developer/SDKs/iPhoneOS10.3.sdk/System/Library/Frameworks/Foundation.framework; sourceTree = DEVELOPER_DIR; };
		208EC21B631B34398106C53B /* TypedKey.framework */ = {isa = PBXFileReference; lastKnownFileType = wrapper.framework; path = TypedKey.framework; sourceTree = BUILT_PRODUCTS_DIR; };
		2F0512D018428353BF32448F /* Dictionary+XCETypedKey.swift */ = {isa = PBXFileReference; includeInIndex = 1; lastKnownFileType = sourcecode.swift; path = "Dictionary+XCETypedKey.swift"; sourceTree = "<group>"; };
		46DC85F8C348E177715CC135 /* Main.swift */ = {isa = PBXFileReference; includeInIndex = 1; lastKnownFileType = sourcecode.swift; path = Main.swift; sourceTree = "<group>"; };
		9901F85234DB8B7145C44C08 /* Tests.xctest */ = {isa = PBXFileReference; explicitFileType = wrapper.cfbundle; includeInIndex = 0; path = Tests.xctest; sourceTree = BUILT_PRODUCTS_DIR; };
		AB21AABEA1082E4676249CD8 /* TypedKey.framework */ = {isa = PBXFileReference; explicitFileType = wrapper.framework; includeInIndex = 0; path = TypedKey.framework; sourceTree = BUILT_PRODUCTS_DIR; };
		C7E705CB48EC296B8A0DA8E4 /* MKHTypedKey.swift */ = {isa = PBXFileReference; includeInIndex = 1; lastKnownFileType = sourcecode.swift; path = MKHTypedKey.swift; sourceTree = "<group>"; };
		CA4F8D3AFE3869BD59D7B529 /* UserDefaults+XCETypedKey.swift */ = {isa = PBXFileReference; includeInIndex = 1; lastKnownFileType = sourcecode.swift; path = "UserDefaults+XCETypedKey.swift"; sourceTree = "<group>"; };
/* End PBXFileReference section */

/* Begin PBXFrameworksBuildPhase section */
		50EC03926348A6A89309B245 /* Frameworks */ = {
			isa = PBXFrameworksBuildPhase;
			buildActionMask = 2147483647;
			files = (
				9190B506229673B7211EAF04 /* Foundation.framework in Frameworks */,
				4EA5E2246C8312D4824A9EE0 /* TypedKey.framework in Frameworks */,
			);
			runOnlyForDeploymentPostprocessing = 0;
		};
		9E6DECD1D8912B6C93EDE0A1 /* Frameworks */ = {
			isa = PBXFrameworksBuildPhase;
			buildActionMask = 2147483647;
			files = (
				0D23F81FA552C743F255A455 /* Foundation.framework in Frameworks */,
			);
			runOnlyForDeploymentPostprocessing = 0;
		};
/* End PBXFrameworksBuildPhase section */

/* Begin PBXGroup section */
		09675D31388A9F8B0C66451F /* Products */ = {
			isa = PBXGroup;
			children = (
				9901F85234DB8B7145C44C08 /* Tests.xctest */,
				AB21AABEA1082E4676249CD8 /* TypedKey.framework */,
			);
			name = Products;
			sourceTree = "<group>";
		};
		3E01BA5D1B3109530E87B4E3 = {
			isa = PBXGroup;
			children = (
				D053B50261BFE578FDF11A72 /* Frameworks */,
				09675D31388A9F8B0C66451F /* Products */,
				90DD2F2FE542C4DE6E87D364 /* Sources */,
			);
			sourceTree = "<group>";
		};
		75F2BB1B49E06D45474AD890 /* $local */ = {
			isa = PBXGroup;
			children = (
			);
			name = "$local";
			sourceTree = "<group>";
		};
		7B5212B2949CA53DBC57820F /* TypedKeyTst */ = {
			isa = PBXGroup;
			children = (
				46DC85F8C348E177715CC135 /* Main.swift */,
			);
			name = TypedKeyTst;
			path = TypedKeyTst;
			sourceTree = "<group>";
		};
		7DAC07D44A9A27EEB4DA3394 /* iOS */ = {
			isa = PBXGroup;
			children = (
				0766D3F4472240F3C73E3494 /* Foundation.framework */,
			);
			name = iOS;
			sourceTree = "<group>";
		};
		90DD2F2FE542C4DE6E87D364 /* Sources */ = {
			isa = PBXGroup;
			children = (
				94903F4EE449716A2460CE7B /* TypedKey */,
				7B5212B2949CA53DBC57820F /* TypedKeyTst */,
			);
			name = Sources;
			path = Sources;
			sourceTree = SOURCE_ROOT;
		};
		94903F4EE449716A2460CE7B /* TypedKey */ = {
			isa = PBXGroup;
			children = (
				2F0512D018428353BF32448F /* Dictionary+XCETypedKey.swift */,
				C7E705CB48EC296B8A0DA8E4 /* MKHTypedKey.swift */,
				CA4F8D3AFE3869BD59D7B529 /* UserDefaults+XCETypedKey.swift */,
			);
			name = TypedKey;
			path = TypedKey;
			sourceTree = "<group>";
		};
		D053B50261BFE578FDF11A72 /* Frameworks */ = {
			isa = PBXGroup;
			children = (
				75F2BB1B49E06D45474AD890 /* $local */,
				7DAC07D44A9A27EEB4DA3394 /* iOS */,
				208EC21B631B34398106C53B /* TypedKey.framework */,
			);
			name = Frameworks;
			sourceTree = "<group>";
		};
/* End PBXGroup section */

/* Begin PBXNativeTarget section */
		9B583394356DF87A408E8C4E /* TypedKey */ = {
			isa = PBXNativeTarget;
			buildConfigurationList = 51A9A5BAB4E5841D6779B276 /* Build configuration list for PBXNativeTarget "TypedKey" */;
			buildPhases = (
				FD318DAD662079103E302007 /* SwiftLint */,
				77C8E91A56CAAB0EDABD7D7B /* Sources */,
				9E6DECD1D8912B6C93EDE0A1 /* Frameworks */,
				7740B9FB831270E264B24FB7 /* Embed Frameworks */,
			);
			buildRules = (
			);
			dependencies = (
			);
			name = TypedKey;
			productName = TypedKey;
			productReference = AB21AABEA1082E4676249CD8 /* TypedKey.framework */;
			productType = "com.apple.product-type.framework";
		};
		B130004E86CDD072B005BC2A /* Tests */ = {
			isa = PBXNativeTarget;
			buildConfigurationList = 5FF12BA951272E8DCBD43CA3 /* Build configuration list for PBXNativeTarget "Tests" */;
			buildPhases = (
				5360E43BB6DCB5ECA5A9720B /* SwiftLint */,
				14E3AA6709A03710F6C355AF /* Sources */,
				50EC03926348A6A89309B245 /* Frameworks */,
				BA35BC6FC6834268053A5BE6 /* Embed Frameworks */,
			);
			buildRules = (
			);
			dependencies = (
				598D9FF4DEF7243B3A4EDFD6 /* PBXTargetDependency */,
			);
			name = Tests;
			productName = Tests;
			productReference = 9901F85234DB8B7145C44C08 /* Tests.xctest */;
			productType = "com.apple.product-type.bundle.unit-test";
		};
/* End PBXNativeTarget section */

/* Begin PBXProject section */
		FBAE3C736B475DAD0DF0B68D /* Project object */ = {
			isa = PBXProject;
			attributes = {
				LastSwiftUpdateCheck = 0830;
				LastUpgradeCheck = 0700;
				Struct.Version = 2.1.0;
			};
			buildConfigurationList = BA4764AF0D908965DC67C6AA /* Build configuration list for PBXProject "TypedKey" */;
			compatibilityVersion = "Xcode 3.2";
			developmentRegion = English;
			hasScannedForEncodings = 0;
			knownRegions = (
				en,
			);
			mainGroup = 3E01BA5D1B3109530E87B4E3;
			productRefGroup = 09675D31388A9F8B0C66451F /* Products */;
			projectDirPath = "";
			projectRoot = "";
			targets = (
				B130004E86CDD072B005BC2A /* Tests */,
				9B583394356DF87A408E8C4E /* TypedKey */,
			);
		};
/* End PBXProject section */

/* Begin PBXShellScriptBuildPhase section */
		5360E43BB6DCB5ECA5A9720B /* SwiftLint */ = {
			isa = PBXShellScriptBuildPhase;
			buildActionMask = 2147483647;
			files = (
			);
			inputPaths = (
			);
			name = SwiftLint;
			outputPaths = (
			);
			runOnlyForDeploymentPostprocessing = 0;
			shellPath = /bin/sh;
			shellScript = "if which swiftlint >/dev/null; then\n        swiftlint\n    else\n        echo \"warning: SwiftLint not installed, download from https://github.com/realm/SwiftLint\"\n    fi";
			showEnvVarsInLog = 1;
		};
		FD318DAD662079103E302007 /* SwiftLint */ = {
			isa = PBXShellScriptBuildPhase;
			buildActionMask = 2147483647;
			files = (
			);
			inputPaths = (
			);
			name = SwiftLint;
			outputPaths = (
			);
			runOnlyForDeploymentPostprocessing = 0;
			shellPath = /bin/sh;
			shellScript = "if which swiftlint >/dev/null; then\n        swiftlint\n    else\n        echo \"warning: SwiftLint not installed, download from https://github.com/realm/SwiftLint\"\n    fi";
			showEnvVarsInLog = 1;
		};
/* End PBXShellScriptBuildPhase section */

/* Begin PBXSourcesBuildPhase section */
		14E3AA6709A03710F6C355AF /* Sources */ = {
			isa = PBXSourcesBuildPhase;
			buildActionMask = 2147483647;
			files = (
				18686F586D985FAE230A51F3 /* Main.swift in Sources */,
			);
			runOnlyForDeploymentPostprocessing = 0;
		};
		77C8E91A56CAAB0EDABD7D7B /* Sources */ = {
			isa = PBXSourcesBuildPhase;
			buildActionMask = 2147483647;
			files = (
				8D795C83859E88D3E94E34F4 /* Dictionary+XCETypedKey.swift in Sources */,
				5F79975417205866D1410AE3 /* MKHTypedKey.swift in Sources */,
				05514894D045B83FAF6BAD5B /* UserDefaults+XCETypedKey.swift in Sources */,
			);
			runOnlyForDeploymentPostprocessing = 0;
		};
/* End PBXSourcesBuildPhase section */

/* Begin PBXTargetDependency section */
		598D9FF4DEF7243B3A4EDFD6 /* PBXTargetDependency */ = {
			isa = PBXTargetDependency;
			name = TypedKey;
			target = 9B583394356DF87A408E8C4E /* TypedKey */;
			targetProxy = B17D7C77FF736B714A705D7C /* PBXContainerItemProxy */;
		};
/* End PBXTargetDependency section */

/* Begin XCBuildConfiguration section */
		28E68075097D9DD7ED322D51 /* Release */ = {
			isa = XCBuildConfiguration;
			buildSettings = {
				ALWAYS_SEARCH_USER_PATHS = NO;
				CLANG_ANALYZER_NONNULL = YES;
				CLANG_CXX_LANGUAGE_STANDARD = "gnu++0x";
				CLANG_CXX_LIBRARY = "libc++";
				CLANG_ENABLE_MODULES = YES;
				CLANG_ENABLE_OBJC_ARC = YES;
				CLANG_WARN_BLOCK_CAPTURE_AUTORELEASING = YES;
				CLANG_WARN_BOOL_CONVERSION = YES;
				CLANG_WARN_COMMA = YES;
				CLANG_WARN_CONSTANT_CONVERSION = YES;
				CLANG_WARN_DIRECT_OBJC_ISA_USAGE = YES_ERROR;
				CLANG_WARN_DOCUMENTATION_COMMENTS = YES;
				CLANG_WARN_EMPTY_BODY = YES;
				CLANG_WARN_ENUM_CONVERSION = YES;
				CLANG_WARN_INFINITE_RECURSION = YES;
				CLANG_WARN_INT_CONVERSION = YES;
				CLANG_WARN_NON_LITERAL_NULL_CONVERSION = YES;
				CLANG_WARN_OBJC_LITERAL_CONVERSION = YES;
				CLANG_WARN_OBJC_ROOT_CLASS = YES_ERROR;
				CLANG_WARN_RANGE_LOOP_ANALYSIS = YES;
				CLANG_WARN_STRICT_PROTOTYPES = YES;
				CLANG_WARN_SUSPICIOUS_MOVE = YES;
				CLANG_WARN_SUSPICIOUS_MOVES = YES;
				CLANG_WARN_UNREACHABLE_CODE = YES;
				CLANG_WARN__DUPLICATE_METHOD_MATCH = YES;
				CODE_SIGN_IDENTITY = "-";
				"CODE_SIGN_IDENTITY[sdk=iphoneos*]" = "iPhone Developer";
				COPY_PHASE_STRIP = NO;
				DEBUG_INFORMATION_FORMAT = "dwarf-with-dsym";
				ENABLE_NS_ASSERTIONS = NO;
				ENABLE_STRICT_OBJC_MSGSEND = YES;
				GCC_C_LANGUAGE_STANDARD = gnu99;
				GCC_NO_COMMON_BLOCKS = YES;
				GCC_WARN_64_TO_32_BIT_CONVERSION = YES;
				GCC_WARN_ABOUT_RETURN_TYPE = YES_ERROR;
				GCC_WARN_UNDECLARED_SELECTOR = YES;
				GCC_WARN_UNINITIALIZED_AUTOS = YES_AGGRESSIVE;
				GCC_WARN_UNUSED_FUNCTION = YES;
				GCC_WARN_UNUSED_VARIABLE = YES;
				IPHONEOS_DEPLOYMENT_TARGET = 8.0;
				MTL_ENABLE_DEBUG_INFO = NO;
				SWIFT_OPTIMIZATION_LEVEL = "-Owholemodule";
				SWIFT_VERSION = 4.0;
				VALIDATE_PRODUCT = YES;
				VERSIONING_SYSTEM = "apple-generic";
			};
			name = Release;
		};
		43A2560BBB653498F1A7F194 /* Release */ = {
			isa = XCBuildConfiguration;
			buildSettings = {
				ALWAYS_EMBED_SWIFT_STANDARD_LIBRARIES = YES;
				CURRENT_PROJECT_VERSION = 2;
				DEFINES_MODULE = NO;
				ENABLE_TESTABILITY = YES;
				INFOPLIST_FILE = Info/TypedKey.plist;
				INSTALL_PATH = "$(LOCAL_LIBRARY_DIR)/Frameworks";
				IPHONEOS_DEPLOYMENT_TARGET = 8.0;
				LD_RUNPATH_SEARCH_PATHS = "$(inherited) @executable_path/Frameworks";
				PRODUCT_BUNDLE_IDENTIFIER = io.XCEssentials.TypedKey;
				PRODUCT_NAME = "$(TARGET_NAME)";
				SDKROOT = iphoneos;
				SKIP_INSTALL = YES;
				SWIFT_VERSION = 4.0;
				TARGETED_DEVICE_FAMILY = "1,2";
				VERSIONING_SYSTEM = "apple-generic";
				VERSION_INFO_PREFIX = "";
			};
			name = Release;
		};
		4E060141B05960715EAD4CD2 /* Debug */ = {
			isa = XCBuildConfiguration;
			buildSettings = {
				ALWAYS_EMBED_SWIFT_STANDARD_LIBRARIES = YES;
				CURRENT_PROJECT_VERSION = 2;
				DEFINES_MODULE = NO;
				ENABLE_TESTABILITY = YES;
				INFOPLIST_FILE = Info/TypedKey.plist;
				INSTALL_PATH = "$(LOCAL_LIBRARY_DIR)/Frameworks";
				IPHONEOS_DEPLOYMENT_TARGET = 8.0;
				LD_RUNPATH_SEARCH_PATHS = "$(inherited) @executable_path/Frameworks";
				MTL_ENABLE_DEBUG_INFO = true;
				PRODUCT_BUNDLE_IDENTIFIER = io.XCEssentials.TypedKey;
				PRODUCT_NAME = "$(TARGET_NAME)";
				SDKROOT = iphoneos;
				SKIP_INSTALL = YES;
				SWIFT_VERSION = 4.0;
				TARGETED_DEVICE_FAMILY = "1,2";
				VERSIONING_SYSTEM = "apple-generic";
				VERSION_INFO_PREFIX = "";
			};
			name = Debug;
		};
		52B8E6BF01FB63F079E269F8 /* Debug */ = {
			isa = XCBuildConfiguration;
			buildSettings = {
				ALWAYS_SEARCH_USER_PATHS = NO;
				CLANG_ANALYZER_NONNULL = YES;
				CLANG_CXX_LANGUAGE_STANDARD = "gnu++0x";
				CLANG_CXX_LIBRARY = "libc++";
				CLANG_ENABLE_MODULES = YES;
				CLANG_ENABLE_OBJC_ARC = YES;
				CLANG_WARN_BLOCK_CAPTURE_AUTORELEASING = YES;
				CLANG_WARN_BOOL_CONVERSION = YES;
				CLANG_WARN_COMMA = YES;
				CLANG_WARN_CONSTANT_CONVERSION = YES;
				CLANG_WARN_DIRECT_OBJC_ISA_USAGE = YES_ERROR;
				CLANG_WARN_DOCUMENTATION_COMMENTS = YES;
				CLANG_WARN_EMPTY_BODY = YES;
				CLANG_WARN_ENUM_CONVERSION = YES;
				CLANG_WARN_INFINITE_RECURSION = YES;
				CLANG_WARN_INT_CONVERSION = YES;
				CLANG_WARN_NON_LITERAL_NULL_CONVERSION = YES;
				CLANG_WARN_OBJC_LITERAL_CONVERSION = YES;
				CLANG_WARN_OBJC_ROOT_CLASS = YES_ERROR;
				CLANG_WARN_RANGE_LOOP_ANALYSIS = YES;
				CLANG_WARN_STRICT_PROTOTYPES = YES;
				CLANG_WARN_SUSPICIOUS_MOVE = YES;
				CLANG_WARN_SUSPICIOUS_MOVES = YES;
				CLANG_WARN_UNREACHABLE_CODE = YES;
				CLANG_WARN__DUPLICATE_METHOD_MATCH = YES;
				CODE_SIGN_IDENTITY = "-";
				"CODE_SIGN_IDENTITY[sdk=iphoneos*]" = "iPhone Developer";
				COPY_PHASE_STRIP = NO;
				DEBUG_INFORMATION_FORMAT = dwarf;
				ENABLE_STRICT_OBJC_MSGSEND = YES;
				ENABLE_TESTABILITY = YES;
				GCC_C_LANGUAGE_STANDARD = gnu99;
				GCC_DYNAMIC_NO_PIC = NO;
				GCC_NO_COMMON_BLOCKS = YES;
				GCC_OPTIMIZATION_LEVEL = 0;
				GCC_PREPROCESSOR_DEFINITIONS = (
					"DEBUG=1",
					"$(inherited)",
				);
				GCC_WARN_64_TO_32_BIT_CONVERSION = YES;
				GCC_WARN_ABOUT_RETURN_TYPE = YES_ERROR;
				GCC_WARN_UNDECLARED_SELECTOR = YES;
				GCC_WARN_UNINITIALIZED_AUTOS = YES_AGGRESSIVE;
				GCC_WARN_UNUSED_FUNCTION = YES;
				GCC_WARN_UNUSED_VARIABLE = YES;
				IPHONEOS_DEPLOYMENT_TARGET = 8.0;
				MTL_ENABLE_DEBUG_INFO = YES;
				ONLY_ACTIVE_ARCH = YES;
				SWIFT_ACTIVE_COMPILATION_CONDITIONS = DEBUG;
				SWIFT_OPTIMIZATION_LEVEL = "-Onone";
				SWIFT_VERSION = 4.0;
				VERSIONING_SYSTEM = "apple-generic";
			};
			name = Debug;
		};
		8777C3E628F4ADFC5715E513 /* Debug */ = {
			isa = XCBuildConfiguration;
			buildSettings = {
				ALWAYS_EMBED_SWIFT_STANDARD_LIBRARIES = YES;
				BUNDLE_LOADER = "$(TEST_HOST)";
				FRAMEWORK_SEARCH_PATHS = (
					"$(inherited)",
					"$(BUILT_PRODUCTS_DIR)",
				);
				INFOPLIST_FILE = Info/TypedKeyTst.plist;
				IPHONEOS_DEPLOYMENT_TARGET = 8.0;
				LD_RUNPATH_SEARCH_PATHS = "$(inherited) @executable_path/Frameworks @loader_path/Frameworks";
				MTL_ENABLE_DEBUG_INFO = true;
				PRODUCT_BUNDLE_IDENTIFIER = io.XCEssentials.TypedKey.Tst;
				PRODUCT_NAME = "$(TARGET_NAME)";
				SDKROOT = iphoneos;
				SWIFT_VERSION = 4.0;
			};
			name = Debug;
		};
		D9695D3326D02B9381A383C4 /* Release */ = {
			isa = XCBuildConfiguration;
			buildSettings = {
				ALWAYS_EMBED_SWIFT_STANDARD_LIBRARIES = YES;
				BUNDLE_LOADER = "$(TEST_HOST)";
				FRAMEWORK_SEARCH_PATHS = (
					"$(inherited)",
					"$(BUILT_PRODUCTS_DIR)",
				);
				INFOPLIST_FILE = Info/TypedKeyTst.plist;
				IPHONEOS_DEPLOYMENT_TARGET = 8.0;
				LD_RUNPATH_SEARCH_PATHS = "$(inherited) @executable_path/Frameworks @loader_path/Frameworks";
				PRODUCT_BUNDLE_IDENTIFIER = io.XCEssentials.TypedKey.Tst;
				PRODUCT_NAME = "$(TARGET_NAME)";
				SDKROOT = iphoneos;
				SWIFT_VERSION = 4.0;
			};
			name = Release;
		};
/* End XCBuildConfiguration section */

/* Begin XCConfigurationList section */
		51A9A5BAB4E5841D6779B276 /* Build configuration list for PBXNativeTarget "TypedKey" */ = {
			isa = XCConfigurationList;
			buildConfigurations = (
				4E060141B05960715EAD4CD2 /* Debug */,
				43A2560BBB653498F1A7F194 /* Release */,
			);
			defaultConfigurationIsVisible = 0;
			defaultConfigurationName = Release;
		};
		5FF12BA951272E8DCBD43CA3 /* Build configuration list for PBXNativeTarget "Tests" */ = {
			isa = XCConfigurationList;
			buildConfigurations = (
				8777C3E628F4ADFC5715E513 /* Debug */,
				D9695D3326D02B9381A383C4 /* Release */,
			);
			defaultConfigurationIsVisible = 0;
			defaultConfigurationName = Release;
		};
		BA4764AF0D908965DC67C6AA /* Build configuration list for PBXProject "TypedKey" */ = {
			isa = XCConfigurationList;
			buildConfigurations = (
				52B8E6BF01FB63F079E269F8 /* Debug */,
				28E68075097D9DD7ED322D51 /* Release */,
			);
			defaultConfigurationIsVisible = 0;
			defaultConfigurationName = Debug;
		};
/* End XCConfigurationList section */
	};
	rootObject = FBAE3C736B475DAD0DF0B68D /* Project object */;
}
